
Microsoft Visual Studio Solution File, Format Version 12.00
# Visual Studio 15
VisualStudioVersion = 15.0.28307.1778
MinimumVisualStudioVersion = 10.0.40219.1
Project("{FAE04EC0-301F-11D3-BF4B-00C04F79EFBC}") = "CSharp-Structure", "CSharp-Structure\CSharp-Structure.csproj", "{18DDE148-0E01-4417-9CA5-F3340642D923}"
EndProject
Project("{FAE04EC0-301F-11D3-BF4B-00C04F79EFBC}") = "CSharp-StringType", "CSharp-StringType\CSharp-StringType.csproj", "{06AEAF6A-4FC2-4E6F-A23D-DB1659CC33FD}"
EndProject
Project("{FAE04EC0-301F-11D3-BF4B-00C04F79EFBC}") = "Ternary_operator", "Ternary_operator\Ternary_operator.csproj", "{6F406DE6-1DD3-4C44-A510-0F47258FF206}"
EndProject
Global
	GlobalSection(SolutionConfigurationPlatforms) = preSolution
		Debug|Any CPU = Debug|Any CPU
		Release|Any CPU = Release|Any CPU
	EndGlobalSection
	GlobalSection(ProjectConfigurationPlatforms) = postSolution
		{18DDE148-0E01-4417-9CA5-F3340642D923}.Debug|Any CPU.ActiveCfg = Debug|Any CPU
		{18DDE148-0E01-4417-9CA5-F3340642D923}.Debug|Any CPU.Build.0 = Debug|Any CPU
		{18DDE148-0E01-4417-9CA5-F3340642D923}.Release|Any CPU.ActiveCfg = Release|Any CPU
		{18DDE148-0E01-4417-9CA5-F3340642D923}.Release|Any CPU.Build.0 = Release|Any CPU
		{06AEAF6A-4FC2-4E6F-A23D-DB1659CC33FD}.Debug|Any CPU.ActiveCfg = Debug|Any CPU
		{06AEAF6A-4FC2-4E6F-A23D-DB1659CC33FD}.Debug|Any CPU.Build.0 = Debug|Any CPU
		{06AEAF6A-4FC2-4E6F-A23D-DB1659CC33FD}.Release|Any CPU.ActiveCfg = Release|Any CPU
		{06AEAF6A-4FC2-4E6F-A23D-DB1659CC33FD}.Release|Any CPU.Build.0 = Release|Any CPU
		{6F406DE6-1DD3-4C44-A510-0F47258FF206}.Debug|Any CPU.ActiveCfg = Debug|Any CPU
		{6F406DE6-1DD3-4C44-A510-0F47258FF206}.Debug|Any CPU.Build.0 = Debug|Any CPU
		{6F406DE6-1DD3-4C44-A510-0F47258FF206}.Release|Any CPU.ActiveCfg = Release|Any CPU
		{6F406DE6-1DD3-4C44-A510-0F47258FF206}.Release|Any CPU.Build.0 = Release|Any CPU
	EndGlobalSection
	GlobalSection(SolutionProperties) = preSolution
		HideSolutionNode = FALSE
	EndGlobalSection
	GlobalSection(ExtensibilityGlobals) = postSolution
		SolutionGuid = {24BFB8F4-10EC-47AD-91CB-7095445EC318}
	EndGlobalSection
EndGlobal
