
Microsoft Visual Studio Solution File, Format Version 12.00
# Visual Studio 15
VisualStudioVersion = 15.0.28307.1778
MinimumVisualStudioVersion = 10.0.40219.1
Project("{FAE04EC0-301F-11D3-BF4B-00C04F79EFBC}") = "CSharp-Structure", "CSharp-Structure\CSharp-Structure.csproj", "{18DDE148-0E01-4417-9CA5-F3340642D923}"
EndProject
Project("{FAE04EC0-301F-11D3-BF4B-00C04F79EFBC}") = "CSharp-StringType", "CSharp-StringType\CSharp-StringType.csproj", "{06AEAF6A-4FC2-4E6F-A23D-DB1659CC33FD}"
EndProject
Project("{FAE04EC0-301F-11D3-BF4B-00C04F79EFBC}") = "Ternary_operator", "Ternary_operator\Ternary_operator.csproj", "{6F406DE6-1DD3-4C44-A510-0F47258FF206}"
EndProject
Project("{FAE04EC0-301F-11D3-BF4B-00C04F79EFBC}") = "Nullable_types", "Nullable_types\Nullable_types.csproj", "{5C1CAF74-0B35-474F-B872-592734287201}"
EndProject
Project("{FAE04EC0-301F-11D3-BF4B-00C04F79EFBC}") = "Datatypes_conversion", "Datatypes_conversion\Datatypes_conversion.csproj", "{A4038FDC-6E74-42AA-AC44-D1F5C330D842}"
EndProject
Project("{FAE04EC0-301F-11D3-BF4B-00C04F79EFBC}") = "Array", "Array\Array.csproj", "{E67FA0DC-F693-493B-BF1E-5BB9013CD4EA}"
EndProject
Project("{FAE04EC0-301F-11D3-BF4B-00C04F79EFBC}") = "Switch statement", "Switch statement\Switch statement.csproj", "{C9C4F31B-E777-4972-9963-6AC1377105BF}"
EndProject
Project("{FAE04EC0-301F-11D3-BF4B-00C04F79EFBC}") = "While_loop", "While_loop\While_loop.csproj", "{796F2904-7501-446F-A6D3-C6A4B15DCFDE}"
EndProject
Project("{FAE04EC0-301F-11D3-BF4B-00C04F79EFBC}") = "do_while_loop", "do_while_loop\do_while_loop.csproj", "{A5A05D82-BB04-4F50-A91F-35A0F729A712}"
EndProject
Project("{FAE04EC0-301F-11D3-BF4B-00C04F79EFBC}") = "for_foreach_loop", "for_foreach_loop\for_foreach_loop.csproj", "{8E802132-38BD-4FD5-8B9C-1AB690E6AC9C}"
EndProject
Project("{FAE04EC0-301F-11D3-BF4B-00C04F79EFBC}") = "Functions", "Functions\Functions.csproj", "{C41E6500-8EB6-4105-A169-77AC163003A2}"
EndProject
Global
	GlobalSection(SolutionConfigurationPlatforms) = preSolution
		Debug|Any CPU = Debug|Any CPU
		Release|Any CPU = Release|Any CPU
	EndGlobalSection
	GlobalSection(ProjectConfigurationPlatforms) = postSolution
		{18DDE148-0E01-4417-9CA5-F3340642D923}.Debug|Any CPU.ActiveCfg = Debug|Any CPU
		{18DDE148-0E01-4417-9CA5-F3340642D923}.Debug|Any CPU.Build.0 = Debug|Any CPU
		{18DDE148-0E01-4417-9CA5-F3340642D923}.Release|Any CPU.ActiveCfg = Release|Any CPU
		{18DDE148-0E01-4417-9CA5-F3340642D923}.Release|Any CPU.Build.0 = Release|Any CPU
		{06AEAF6A-4FC2-4E6F-A23D-DB1659CC33FD}.Debug|Any CPU.ActiveCfg = Debug|Any CPU
		{06AEAF6A-4FC2-4E6F-A23D-DB1659CC33FD}.Debug|Any CPU.Build.0 = Debug|Any CPU
		{06AEAF6A-4FC2-4E6F-A23D-DB1659CC33FD}.Release|Any CPU.ActiveCfg = Release|Any CPU
		{06AEAF6A-4FC2-4E6F-A23D-DB1659CC33FD}.Release|Any CPU.Build.0 = Release|Any CPU
		{6F406DE6-1DD3-4C44-A510-0F47258FF206}.Debug|Any CPU.ActiveCfg = Debug|Any CPU
		{6F406DE6-1DD3-4C44-A510-0F47258FF206}.Debug|Any CPU.Build.0 = Debug|Any CPU
		{6F406DE6-1DD3-4C44-A510-0F47258FF206}.Release|Any CPU.ActiveCfg = Release|Any CPU
		{6F406DE6-1DD3-4C44-A510-0F47258FF206}.Release|Any CPU.Build.0 = Release|Any CPU
		{5C1CAF74-0B35-474F-B872-592734287201}.Debug|Any CPU.ActiveCfg = Debug|Any CPU
		{5C1CAF74-0B35-474F-B872-592734287201}.Debug|Any CPU.Build.0 = Debug|Any CPU
		{5C1CAF74-0B35-474F-B872-592734287201}.Release|Any CPU.ActiveCfg = Release|Any CPU
		{5C1CAF74-0B35-474F-B872-592734287201}.Release|Any CPU.Build.0 = Release|Any CPU
		{A4038FDC-6E74-42AA-AC44-D1F5C330D842}.Debug|Any CPU.ActiveCfg = Debug|Any CPU
		{A4038FDC-6E74-42AA-AC44-D1F5C330D842}.Debug|Any CPU.Build.0 = Debug|Any CPU
		{A4038FDC-6E74-42AA-AC44-D1F5C330D842}.Release|Any CPU.ActiveCfg = Release|Any CPU
		{A4038FDC-6E74-42AA-AC44-D1F5C330D842}.Release|Any CPU.Build.0 = Release|Any CPU
		{E67FA0DC-F693-493B-BF1E-5BB9013CD4EA}.Debug|Any CPU.ActiveCfg = Debug|Any CPU
		{E67FA0DC-F693-493B-BF1E-5BB9013CD4EA}.Debug|Any CPU.Build.0 = Debug|Any CPU
		{E67FA0DC-F693-493B-BF1E-5BB9013CD4EA}.Release|Any CPU.ActiveCfg = Release|Any CPU
		{E67FA0DC-F693-493B-BF1E-5BB9013CD4EA}.Release|Any CPU.Build.0 = Release|Any CPU
		{C9C4F31B-E777-4972-9963-6AC1377105BF}.Debug|Any CPU.ActiveCfg = Debug|Any CPU
		{C9C4F31B-E777-4972-9963-6AC1377105BF}.Debug|Any CPU.Build.0 = Debug|Any CPU
		{C9C4F31B-E777-4972-9963-6AC1377105BF}.Release|Any CPU.ActiveCfg = Release|Any CPU
		{C9C4F31B-E777-4972-9963-6AC1377105BF}.Release|Any CPU.Build.0 = Release|Any CPU
		{796F2904-7501-446F-A6D3-C6A4B15DCFDE}.Debug|Any CPU.ActiveCfg = Debug|Any CPU
		{796F2904-7501-446F-A6D3-C6A4B15DCFDE}.Debug|Any CPU.Build.0 = Debug|Any CPU
		{796F2904-7501-446F-A6D3-C6A4B15DCFDE}.Release|Any CPU.ActiveCfg = Release|Any CPU
		{796F2904-7501-446F-A6D3-C6A4B15DCFDE}.Release|Any CPU.Build.0 = Release|Any CPU
		{A5A05D82-BB04-4F50-A91F-35A0F729A712}.Debug|Any CPU.ActiveCfg = Debug|Any CPU
		{A5A05D82-BB04-4F50-A91F-35A0F729A712}.Debug|Any CPU.Build.0 = Debug|Any CPU
		{A5A05D82-BB04-4F50-A91F-35A0F729A712}.Release|Any CPU.ActiveCfg = Release|Any CPU
		{A5A05D82-BB04-4F50-A91F-35A0F729A712}.Release|Any CPU.Build.0 = Release|Any CPU
		{8E802132-38BD-4FD5-8B9C-1AB690E6AC9C}.Debug|Any CPU.ActiveCfg = Debug|Any CPU
		{8E802132-38BD-4FD5-8B9C-1AB690E6AC9C}.Debug|Any CPU.Build.0 = Debug|Any CPU
		{8E802132-38BD-4FD5-8B9C-1AB690E6AC9C}.Release|Any CPU.ActiveCfg = Release|Any CPU
		{8E802132-38BD-4FD5-8B9C-1AB690E6AC9C}.Release|Any CPU.Build.0 = Release|Any CPU
		{C41E6500-8EB6-4105-A169-77AC163003A2}.Debug|Any CPU.ActiveCfg = Debug|Any CPU
		{C41E6500-8EB6-4105-A169-77AC163003A2}.Debug|Any CPU.Build.0 = Debug|Any CPU
		{C41E6500-8EB6-4105-A169-77AC163003A2}.Release|Any CPU.ActiveCfg = Release|Any CPU
		{C41E6500-8EB6-4105-A169-77AC163003A2}.Release|Any CPU.Build.0 = Release|Any CPU
	EndGlobalSection
	GlobalSection(SolutionProperties) = preSolution
		HideSolutionNode = FALSE
	EndGlobalSection
	GlobalSection(ExtensibilityGlobals) = postSolution
		SolutionGuid = {24BFB8F4-10EC-47AD-91CB-7095445EC318}
	EndGlobalSection
EndGlobal
